
Microsoft Visual Studio Solution File, Format Version 12.00
# Visual Studio Version 17
VisualStudioVersion = 17.3.32804.467
MinimumVisualStudioVersion = 10.0.40219.1
Project("{E24C65DC-7377-472B-9ABA-BC803B73C61A}") = "OldPublickEsaulova(1)", "E:\ArhifProjects\OldPublickEsaulova\", "{40FDF648-1E7A-4D09-B0AF-2C12851C8BB9}"
	ProjectSection(WebsiteProperties) = preProject
		TargetFrameworkMoniker = ".NETFramework,Version%3Dv4.8.1"
		Debug.AspNetCompiler.VirtualPath = "/localhost_56327"
		Debug.AspNetCompiler.PhysicalPath = "E:\ArhifProjects\OldPublickEsaulova\"
		Debug.AspNetCompiler.TargetPath = "PrecompiledWeb\localhost_56327\"
		Debug.AspNetCompiler.Updateable = "true"
		Debug.AspNetCompiler.ForceOverwrite = "true"
		Debug.AspNetCompiler.FixedNames = "false"
		Debug.AspNetCompiler.Debug = "True"
		Release.AspNetCompiler.VirtualPath = "/localhost_56327"
		Release.AspNetCompiler.PhysicalPath = "E:\ArhifProjects\OldPublickEsaulova\"
		Release.AspNetCompiler.TargetPath = "PrecompiledWeb\localhost_56327\"
		Release.AspNetCompiler.Updateable = "true"
		Release.AspNetCompiler.ForceOverwrite = "true"
		Release.AspNetCompiler.FixedNames = "false"
		Release.AspNetCompiler.Debug = "False"
		VWDPort = "56327"
		SlnRelativePath = "E:\ArhifProjects\OldPublickEsaulova\"
	EndProjectSection
EndProject
Global
	GlobalSection(SolutionConfigurationPlatforms) = preSolution
		Debug|Any CPU = Debug|Any CPU
	EndGlobalSection
	GlobalSection(ProjectConfigurationPlatforms) = postSolution
		{40FDF648-1E7A-4D09-B0AF-2C12851C8BB9}.Debug|Any CPU.ActiveCfg = Debug|Any CPU
		{40FDF648-1E7A-4D09-B0AF-2C12851C8BB9}.Debug|Any CPU.Build.0 = Debug|Any CPU
	EndGlobalSection
	GlobalSection(SolutionProperties) = preSolution
		HideSolutionNode = FALSE
	EndGlobalSection
	GlobalSection(ExtensibilityGlobals) = postSolution
		SolutionGuid = {E7F68B86-E33C-4A37-83E3-70ED2804286C}
	EndGlobalSection
EndGlobal
